{
    "hash": "963dbf02797fe6407eff41b63c085b09",
    "packages": [
        {
            "name": "lf4php/lf4php",
            "version": "dev-master",
            "source": {
                "type": "git",
                "url": "https://github.com/szjani/lf4php.git",
                "reference": "be540eeddb11319b524d3f19cac8cc5db2381fd2"
            },
            "dist": {
                "type": "zip",
                "url": "https://github.com/szjani/lf4php/archive/be540eeddb11319b524d3f19cac8cc5db2381fd2.zip",
                "reference": "be540eeddb11319b524d3f19cac8cc5db2381fd2",
                "shasum": ""
            },
            "require": {
                "php": ">=5.3.0",
                "mustache/mustache": "v2.0.2"
            },
            "suggest": {
                "lf4php/lf4php-monolog": "If you want to use Monolog"
            },
            "time": "2012-12-05 21:58:10",
            "type": "library",
            "installation-source": "source",
            "autoload": {
                "psr-0": {
                    "lf4php": "src/"
                }
            },
            "license": [
                "MIT"
            ],
            "authors": [
                {
                    "name": "Szurovecz János",
                    "homepage": "http://www.szjani.hu/"
                }
            ],
            "description": "This is a facade for logging frameworks.",
            "keywords": [
                "log",
                "wrapper",
                "facade"
            ]
        },
        {
            "name": "monolog/monolog",
            "version": "1.2.1",
            "source": {
                "type": "git",
                "url": "https://github.com/Seldaek/monolog",
                "reference": "1.2.1"
            },
            "dist": {
                "type": "zip",
                "url": "https://github.com/Seldaek/monolog/zipball/1.2.1",
                "reference": "1.2.1",
                "shasum": ""
            },
            "require": {
                "php": ">=5.3.0"
            },
            "require-dev": {
                "mlehner/gelf-php": "1.0.*"
            },
            "suggest": {
                "mlehner/gelf-php": "Allow sending log messages to a GrayLog2 server",
                "ext-amqp": "Allow sending log messages to an AMQP server (1.0+ required)",
                "ext-mongo": "Allow sending log messages to a MongoDB server"
            },
            "time": "2012-08-29 04:53:20",
            "type": "library",
            "extra": {
                "branch-alias": {
                    "dev-master": "1.3.x-dev"
                }
            },
            "installation-source": "dist",
            "autoload": {
                "psr-0": {
                    "Monolog": "src/"
                }
            },
            "license": [
                "MIT"
            ],
            "authors": [
                {
                    "name": "Jordi Boggiano",
                    "email": "j.boggiano@seld.be",
                    "homepage": "http://seld.be",
                    "role": "Developer"
                }
            ],
            "description": "Logging for PHP 5.3",
            "homepage": "http://github.com/Seldaek/monolog",
            "keywords": [
                "log",
                "logging"
            ]
        },
        {
            "name": "mustache/mustache",
            "version": "v2.0.2",
            "source": {
                "type": "git",
                "url": "https://github.com/bobthecow/mustache.php",
                "reference": "v2.0.2"
            },
            "dist": {
                "type": "zip",
                "url": "https://github.com/bobthecow/mustache.php/zipball/v2.0.2",
                "reference": "v2.0.2",
                "shasum": ""
            },
            "require": {
                "php": ">=5.2.4"
            },
            "time": "2012-09-12 09:13:06",
            "type": "library",
            "installation-source": "dist",
            "autoload": {
                "psr-0": {
                    "Mustache": "src/"
                }
            },
            "license": [
                "MIT"
            ],
            "authors": [
                {
                    "name": "Justin Hileman",
                    "email": "justin@justinhileman.info",
                    "homepage": "http://justinhileman.com"
                }
            ],
            "description": "A Mustache implementation in PHP.",
            "homepage": "https://github.com/bobthecow/mustache.php",
            "keywords": [
                "templating",
                "mustache"
            ]
        }
    ],
    "packages-dev": null,
    "aliases": [

    ],
    "minimum-stability": "dev",
    "stability-flags": {
        "lf4php/lf4php": 20
    }
}
